
Microsoft Visual Studio Solution File, Format Version 12.00
# Visual Studio Version 17
VisualStudioVersion = 17.5.33627.172
MinimumVisualStudioVersion = 10.0.40219.1
Project("{FAE04EC0-301F-11D3-BF4B-00C04F79EFBC}") = "server", "clientserverr\server.csproj", "{68E0B9BF-ECD2-466E-806F-339981A2D464}"
EndProject
Project("{FAE04EC0-301F-11D3-BF4B-00C04F79EFBC}") = "client", "client\client.csproj", "{5B8EBC9A-A883-4347-9B2A-AC018EC01522}"
EndProject
Global
	GlobalSection(SolutionConfigurationPlatforms) = preSolution
		Debug|Any CPU = Debug|Any CPU
		Release|Any CPU = Release|Any CPU
	EndGlobalSection
	GlobalSection(ProjectConfigurationPlatforms) = postSolution
		{68E0B9BF-ECD2-466E-806F-339981A2D464}.Debug|Any CPU.ActiveCfg = Debug|Any CPU
		{68E0B9BF-ECD2-466E-806F-339981A2D464}.Debug|Any CPU.Build.0 = Debug|Any CPU
		{68E0B9BF-ECD2-466E-806F-339981A2D464}.Release|Any CPU.ActiveCfg = Release|Any CPU
		{68E0B9BF-ECD2-466E-806F-339981A2D464}.Release|Any CPU.Build.0 = Release|Any CPU
		{5B8EBC9A-A883-4347-9B2A-AC018EC01522}.Debug|Any CPU.ActiveCfg = Debug|Any CPU
		{5B8EBC9A-A883-4347-9B2A-AC018EC01522}.Debug|Any CPU.Build.0 = Debug|Any CPU
		{5B8EBC9A-A883-4347-9B2A-AC018EC01522}.Release|Any CPU.ActiveCfg = Release|Any CPU
		{5B8EBC9A-A883-4347-9B2A-AC018EC01522}.Release|Any CPU.Build.0 = Release|Any CPU
	EndGlobalSection
	GlobalSection(SolutionProperties) = preSolution
		HideSolutionNode = FALSE
	EndGlobalSection
	GlobalSection(ExtensibilityGlobals) = postSolution
		SolutionGuid = {151FF6E7-6373-44AA-A7FF-E0053DCBC476}
	EndGlobalSection
EndGlobal
